Microsoft Visual Studio Solution File, Format Version 12.00
# Visual Studio Version 17
VisualStudioVersion = 17.5.2.0
MinimumVisualStudioVersion = 10.0.40219.1
Project("{FAE04EC0-301F-11D3-BF4B-00C04F79EFBC}") = "CrudCsharp", "CrudCsharp\CrudCsharp.csproj", "{27606FA9-C303-E426-724A-765B0142A250}"
EndProject
Global
	GlobalSection(SolutionConfigurationPlatforms) = preSolution
		Debug|Any CPU = Debug|Any CPU
		Release|Any CPU = Release|Any CPU
	EndGlobalSection
	GlobalSection(ProjectConfigurationPlatforms) = postSolution
		{27606FA9-C303-E426-724A-765B0142A250}.Debug|Any CPU.ActiveCfg = Debug|Any CPU
		{27606FA9-C303-E426-724A-765B0142A250}.Debug|Any CPU.Build.0 = Debug|Any CPU
		{27606FA9-C303-E426-724A-765B0142A250}.Release|Any CPU.ActiveCfg = Release|Any CPU
		{27606FA9-C303-E426-724A-765B0142A250}.Release|Any CPU.Build.0 = Release|Any CPU
	EndGlobalSection
	GlobalSection(SolutionProperties) = preSolution
		HideSolutionNode = FALSE
	EndGlobalSection
	GlobalSection(ExtensibilityGlobals) = postSolution
		SolutionGuid = {873520D8-29A8-42C3-A08F-4CBEDE8D74FE}
	EndGlobalSection
EndGlobal
